
Microsoft Visual Studio Solution File, Format Version 12.00
# Visual Studio Version 17
VisualStudioVersion = 17.3.32922.545
MinimumVisualStudioVersion = 10.0.40219.1
Project("{FAE04EC0-301F-11D3-BF4B-00C04F79EFBC}") = "Aplikacja_2", "Aplikacja_2\Aplikacja_2.csproj", "{604B8278-CCBD-4C87-841C-023D4DEEA402}"
EndProject
Global
	GlobalSection(SolutionConfigurationPlatforms) = preSolution
		Debug|Any CPU = Debug|Any CPU
		Release|Any CPU = Release|Any CPU
	EndGlobalSection
	GlobalSection(ProjectConfigurationPlatforms) = postSolution
		{604B8278-CCBD-4C87-841C-023D4DEEA402}.Debug|Any CPU.ActiveCfg = Debug|Any CPU
		{604B8278-CCBD-4C87-841C-023D4DEEA402}.Debug|Any CPU.Build.0 = Debug|Any CPU
		{604B8278-CCBD-4C87-841C-023D4DEEA402}.Release|Any CPU.ActiveCfg = Release|Any CPU
		{604B8278-CCBD-4C87-841C-023D4DEEA402}.Release|Any CPU.Build.0 = Release|Any CPU
	EndGlobalSection
	GlobalSection(SolutionProperties) = preSolution
		HideSolutionNode = FALSE
	EndGlobalSection
	GlobalSection(ExtensibilityGlobals) = postSolution
		SolutionGuid = {6315B84E-C1DF-462A-AB55-557DB6737B3D}
	EndGlobalSection
EndGlobal
